// !$*UTF8*$!
{
	archiveVersion = 1;
	classes = {
	};
	objectVersion = 46;
	objects = {

/* Begin PBXBuildFile section */
		B89102E11CB505700066CC20 /* Lab5Data.txt in Copy Files */ = {isa = PBXBuildFile; fileRef = B89102DE1CB502900066CC20 /* Lab5Data.txt */; };
		B8950AD61CB2EFE600198AA0 /* PeopleList.swift in Sources */ = {isa = PBXBuildFile; fileRef = B8950AD51CB2EFE600198AA0 /* PeopleList.swift */; };
		B8C6E8541CB1960200C22271 /* main.swift in Sources */ = {isa = PBXBuildFile; fileRef = B8C6E8531CB1960200C22271 /* main.swift */; };
		B8C6E85C1CB19C7F00C22271 /* SteamReader.swift in Sources */ = {isa = PBXBuildFile; fileRef = B8C6E85B1CB19C7F00C22271 /* SteamReader.swift */; };
		B8C6E85F1CB1A99D00C22271 /* Person.swift in Sources */ = {isa = PBXBuildFile; fileRef = B8C6E85E1CB1A99D00C22271 /* Person.swift */; };
/* End PBXBuildFile section */

/* Begin PBXCopyFilesBuildPhase section */
		B8C6E84E1CB1960200C22271 /* Copy Files */ = {
			isa = PBXCopyFilesBuildPhase;
			buildActionMask = 12;
			dstPath = "";
			dstSubfolderSpec = 16;
			files = (
				B89102E11CB505700066CC20 /* Lab5Data.txt in Copy Files */,
			);
			name = "Copy Files";
			runOnlyForDeploymentPostprocessing = 0;
		};
/* End PBXCopyFilesBuildPhase section */

/* Begin PBXFileReference section */
		B89102DD1CB502900066CC20 /* en */ = {isa = PBXFileReference; lastKnownFileType = text; name = en; path = en.lproj/Lab5Data.txt; sourceTree = "<group>"; };
		B8950AD51CB2EFE600198AA0 /* PeopleList.swift */ = {isa = PBXFileReference; fileEncoding = 4; lastKnownFileType = sourcecode.swift; path = PeopleList.swift; sourceTree = "<group>"; };
		B8C6E8501CB1960200C22271 /* Lab5 */ = {isa = PBXFileReference; explicitFileType = "compiled.mach-o.executable"; includeInIndex = 0; path = Lab5; sourceTree = BUILT_PRODUCTS_DIR; };
		B8C6E8531CB1960200C22271 /* main.swift */ = {isa = PBXFileReference; lastKnownFileType = sourcecode.swift; path = main.swift; sourceTree = "<group>"; };
		B8C6E85B1CB19C7F00C22271 /* SteamReader.swift */ = {isa = PBXFileReference; fileEncoding = 4; lastKnownFileType = sourcecode.swift; path = SteamReader.swift; sourceTree = "<group>"; };
		B8C6E85E1CB1A99D00C22271 /* Person.swift */ = {isa = PBXFileReference; fileEncoding = 4; lastKnownFileType = sourcecode.swift; path = Person.swift; sourceTree = "<group>"; };
/* End PBXFileReference section */

/* Begin PBXFrameworksBuildPhase section */
		B8C6E84D1CB1960200C22271 /* Frameworks */ = {
			isa = PBXFrameworksBuildPhase;
			buildActionMask = 2147483647;
			files = (
			);
			runOnlyForDeploymentPostprocessing = 0;
		};
/* End PBXFrameworksBuildPhase section */

/* Begin PBXGroup section */
		B8C6E8471CB1960200C22271 = {
			isa = PBXGroup;
			children = (
				B89102DE1CB502900066CC20 /* Lab5Data.txt */,
				B8C6E8521CB1960200C22271 /* Lab5 */,
				B8C6E8511CB1960200C22271 /* Products */,
			);
			sourceTree = "<group>";
		};
		B8C6E8511CB1960200C22271 /* Products */ = {
			isa = PBXGroup;
			children = (
				B8C6E8501CB1960200C22271 /* Lab5 */,
			);
			name = Products;
			sourceTree = "<group>";
		};
		B8C6E8521CB1960200C22271 /* Lab5 */ = {
			isa = PBXGroup;
			children = (
				B8C6E8531CB1960200C22271 /* main.swift */,
				B8C6E85B1CB19C7F00C22271 /* SteamReader.swift */,
				B8C6E85E1CB1A99D00C22271 /* Person.swift */,
				B8950AD51CB2EFE600198AA0 /* PeopleList.swift */,
			);
			path = Lab5;
			sourceTree = "<group>";
		};
/* End PBXGroup section */

/* Begin PBXNativeTarget section */
		B8C6E84F1CB1960200C22271 /* Lab5 */ = {
			isa = PBXNativeTarget;
			buildConfigurationList = B8C6E8571CB1960200C22271 /* Build configuration list for PBXNativeTarget "Lab5" */;
			buildPhases = (
				B8C6E84C1CB1960200C22271 /* Sources */,
				B8C6E84D1CB1960200C22271 /* Frameworks */,
				B8C6E84E1CB1960200C22271 /* Copy Files */,
			);
			buildRules = (
			);
			dependencies = (
			);
			name = Lab5;
			productName = Lab5;
			productReference = B8C6E8501CB1960200C22271 /* Lab5 */;
			productType = "com.apple.product-type.tool";
		};
/* End PBXNativeTarget section */

/* Begin PBXProject section */
		B8C6E8481CB1960200C22271 /* Project object */ = {
			isa = PBXProject;
			attributes = {
				KnownAssetTags = (
					New,
				);
				LastSwiftUpdateCheck = 0720;
				LastUpgradeCheck = 0720;
				ORGANIZATIONNAME = "Hoang, Minh";
				TargetAttributes = {
					B8C6E84F1CB1960200C22271 = {
						CreatedOnToolsVersion = 7.2.1;
					};
				};
			};
			buildConfigurationList = B8C6E84B1CB1960200C22271 /* Build configuration list for PBXProject "Lab5" */;
			compatibilityVersion = "Xcode 3.2";
			developmentRegion = English;
			hasScannedForEncodings = 0;
			knownRegions = (
				en,
			);
			mainGroup = B8C6E8471CB1960200C22271;
			productRefGroup = B8C6E8511CB1960200C22271 /* Products */;
			projectDirPath = "";
			projectRoot = "";
			targets = (
				B8C6E84F1CB1960200C22271 /* Lab5 */,
			);
		};
/* End PBXProject section */

/* Begin PBXSourcesBuildPhase section */
		B8C6E84C1CB1960200C22271 /* Sources */ = {
			isa = PBXSourcesBuildPhase;
			buildActionMask = 2147483647;
			files = (
				B8950AD61CB2EFE600198AA0 /* PeopleList.swift in Sources */,
				B8C6E85F1CB1A99D00C22271 /* Person.swift in Sources */,
				B8C6E85C1CB19C7F00C22271 /* SteamReader.swift in Sources */,
				B8C6E8541CB1960200C22271 /* main.swift in Sources */,
			);
			runOnlyForDeploymentPostprocessing = 0;
		};
/* End PBXSourcesBuildPhase section */

/* Begin PBXVariantGroup section */
		B89102DE1CB502900066CC20 /* Lab5Data.txt */ = {
			isa = PBXVariantGroup;
			children = (
				B89102DD1CB502900066CC20 /* en */,
			);
			name = Lab5Data.txt;
			sourceTree = "<group>";
		};
/* End PBXVariantGroup section */

/* Begin XCBuildConfiguration section */
		B8C6E8551CB1960200C22271 /* Debug */ = {
			isa = XCBuildConfiguration;
			buildSettings = {
				ALWAYS_SEARCH_USER_PATHS = NO;
				CLANG_CXX_LANGUAGE_STANDARD = "gnu++0x";
				CLANG_CXX_LIBRARY = "libc++";
				CLANG_ENABLE_MODULES = YES;
				CLANG_ENABLE_OBJC_ARC = YES;
				CLANG_WARN_BOOL_CONVERSION = YES;
				CLANG_WARN_CONSTANT_CONVERSION = YES;
				CLANG_WARN_DIRECT_OBJC_ISA_USAGE = YES_ERROR;
				CLANG_WARN_EMPTY_BODY = YES;
				CLANG_WARN_ENUM_CONVERSION = YES;
				CLANG_WARN_INT_CONVERSION = YES;
				CLANG_WARN_OBJC_ROOT_CLASS = YES_ERROR;
				CLANG_WARN_UNREACHABLE_CODE = YES;
				CLANG_WARN__DUPLICATE_METHOD_MATCH = YES;
				CODE_SIGN_IDENTITY = "-";
				COPY_PHASE_STRIP = NO;
				DEBUG_INFORMATION_FORMAT = dwarf;
				ENABLE_STRICT_OBJC_MSGSEND = YES;
				ENABLE_TESTABILITY = YES;
				GCC_C_LANGUAGE_STANDARD = gnu99;
				GCC_DYNAMIC_NO_PIC = NO;
				GCC_NO_COMMON_BLOCKS = YES;
				GCC_OPTIMIZATION_LEVEL = 0;
				GCC_PREPROCESSOR_DEFINITIONS = (
					"DEBUG=1",
					"$(inherited)",
				);
				GCC_WARN_64_TO_32_BIT_CONVERSION = YES;
				GCC_WARN_ABOUT_RETURN_TYPE = YES_ERROR;
				GCC_WARN_UNDECLARED_SELECTOR = YES;
				GCC_WARN_UNINITIALIZED_AUTOS = YES_AGGRESSIVE;
				GCC_WARN_UNUSED_FUNCTION = YES;
				GCC_WARN_UNUSED_VARIABLE = YES;
				MACOSX_DEPLOYMENT_TARGET = 10.10;
				MTL_ENABLE_DEBUG_INFO = YES;
				ONLY_ACTIVE_ARCH = YES;
				SDKROOT = macosx;
				SWIFT_OPTIMIZATION_LEVEL = "-Onone";
			};
			name = Debug;
		};
		B8C6E8561CB1960200C22271 /* Release */ = {
			isa = XCBuildConfiguration;
			buildSettings = {
				ALWAYS_SEARCH_USER_PATHS = NO;
				CLANG_CXX_LANGUAGE_STANDARD = "gnu++0x";
				CLANG_CXX_LIBRARY = "libc++";
				CLANG_ENABLE_MODULES = YES;
				CLANG_ENABLE_OBJC_ARC = YES;
				CLANG_WARN_BOOL_CONVERSION = YES;
				CLANG_WARN_CONSTANT_CONVERSION = YES;
				CLANG_WARN_DIRECT_OBJC_ISA_USAGE = YES_ERROR;
				CLANG_WARN_EMPTY_BODY = YES;
				CLANG_WARN_ENUM_CONVERSION = YES;
				CLANG_WARN_INT_CONVERSION = YES;
				CLANG_WARN_OBJC_ROOT_CLASS = YES_ERROR;
				CLANG_WARN_UNREACHABLE_CODE = YES;
				CLANG_WARN__DUPLICATE_METHOD_MATCH = YES;
				CODE_SIGN_IDENTITY = "-";
				COPY_PHASE_STRIP = NO;
				DEBUG_INFORMATION_FORMAT = "dwarf-with-dsym";
				ENABLE_NS_ASSERTIONS = NO;
				ENABLE_STRICT_OBJC_MSGSEND = YES;
				GCC_C_LANGUAGE_STANDARD = gnu99;
				GCC_NO_COMMON_BLOCKS = YES;
				GCC_WARN_64_TO_32_BIT_CONVERSION = YES;
				GCC_WARN_ABOUT_RETURN_TYPE = YES_ERROR;
				GCC_WARN_UNDECLARED_SELECTOR = YES;
				GCC_WARN_UNINITIALIZED_AUTOS = YES_AGGRESSIVE;
				GCC_WARN_UNUSED_FUNCTION = YES;
				GCC_WARN_UNUSED_VARIABLE = YES;
				MACOSX_DEPLOYMENT_TARGET = 10.10;
				MTL_ENABLE_DEBUG_INFO = NO;
				SDKROOT = macosx;
			};
			name = Release;
		};
		B8C6E8581CB1960200C22271 /* Debug */ = {
			isa = XCBuildConfiguration;
			buildSettings = {
				PRODUCT_NAME = "$(TARGET_NAME)";
			};
			name = Debug;
		};
		B8C6E8591CB1960200C22271 /* Release */ = {
			isa = XCBuildConfiguration;
			buildSettings = {
				PRODUCT_NAME = "$(TARGET_NAME)";
			};
			name = Release;
		};
/* End XCBuildConfiguration section */

/* Begin XCConfigurationList section */
		B8C6E84B1CB1960200C22271 /* Build configuration list for PBXProject "Lab5" */ = {
			isa = XCConfigurationList;
			buildConfigurations = (
				B8C6E8551CB1960200C22271 /* Debug */,
				B8C6E8561CB1960200C22271 /* Release */,
			);
			defaultConfigurationIsVisible = 0;
			defaultConfigurationName = Release;
		};
		B8C6E8571CB1960200C22271 /* Build configuration list for PBXNativeTarget "Lab5" */ = {
			isa = XCConfigurationList;
			buildConfigurations = (
				B8C6E8581CB1960200C22271 /* Debug */,
				B8C6E8591CB1960200C22271 /* Release */,
			);
			defaultConfigurationIsVisible = 0;
			defaultConfigurationName = Release;
		};
/* End XCConfigurationList section */
	};
	rootObject = B8C6E8481CB1960200C22271 /* Project object */;
}
